<Solution>
  <Project Path="GameResources.csproj" />
  <Project Path="GameMasterConsole.csproj" />
  <Project Path="kekchpek.Auxiliary.csproj" />
  <Project Path="SaveSystem.csproj" />
  <Project Path="SaveSystem.Editor.csproj" />
  <Project Path="spine-unity-editor.csproj" />
  <Project Path="spine-csharp.csproj" />
  <Project Path="spine-unity.csproj" />
  <Project Path="Localization.csproj" />
  <Project Path="AuxiliaryComponents.csproj" />
  <Project Path="GameSaves.csproj" />
  <Project Path="kekchpek.AnimationController.Editor.csproj" />
  <Project Path="AudioSystem.csproj" />
  <Project Path="kekchpek.AnimationController.csproj" />
  <Project Path="BasicSettings.csproj" />
  <Project Path="Startup.Core.csproj" />
  <Project Path="kekchpek.TimeSystem.csproj" />
  <Project Path="Assembly-CSharp.csproj" />
  <Project Path="BindableValues.csproj" />
  <Project Path="kekchpek.SteamApi.csproj" />
  <Project Path="SkillsSystem.csproj" />
  <Project Path="Diagnostics.csproj" />
  <Project Path="Auxiliary.Editor.csproj" />
  <Project Path="Achievements.csproj" />
  <Project Path="BulkEvents.csproj" />
  <Project Path="DynamicTexts.csproj" />
  <Project Path="SaveSystem.Tests.csproj" />
  <Project Path="AssetsSystem.csproj" />
  <Project Path="GameMasterConsole.Editor.csproj" />
  <Project Path="DI.csproj" />
  <Project Path="Auxiliary.Tests.csproj" />
  <Project Path="UnityTemplate.csproj" />
</Solution>
